PODS:
  - AsyncAlgorithms (0.0.3):
    - Collections (~> 1.0.3)
  - CasePaths (1.0.0):
    - XCTestDynamicOverlay (<= 1.0)
  - Clocks (1.0.0):
    - AsyncAlgorithms (<= 0.0.3)
    - ConcurrencyExtras (<= 1.0)
    - XCTestDynamicOverlay (<= 1.0)
  - Collections (1.0.4):
    - DequeModule
    - OrderedCollections
  - CombineSchedulers (1.0.0):
    - ConcurrencyExtras (<= 1.0)
    - XCTestDynamicOverlay (<= 1.0)
  - ComposableArchitecture (1.2.0):
    - CasePaths (<= 1.0)
    - Clocks (<= 1.0)
    - CombineSchedulers (<= 1.0)
    - CustomDump (<= 1.0)
    - Dependencies (<= 1.0)
    - IdentifiedCollections (<= 1.0)
    - SwiftUINavigationCore
    - XCTestDynamicOverlay (<= 1.0)
  - ConcurrencyExtras (1.0.0)
  - CustomDump (1.0.0):
    - XCTestDynamicOverlay (<= 1.0)
  - Dependencies (1.0.0):
    - Clocks (<= 1.0)
    - CombineSchedulers (<= 1.0)
    - XCTestDynamicOverlay (<= 1.0)
  - DequeModule (1.0.4)
  - IdentifiedCollections (0.7.1):
    - OrderedCollections (~> 1.0.3)
  - OrderedCollections (1.0.4)
  - SwiftUINavigationCore (1.0.0):
    - CasePaths (<= 1.0)
    - CustomDump (<= 1.0)
  - XCTestDynamicOverlay (1.0.0)

DEPENDENCIES:
  - AsyncAlgorithms (from `../`)
  - CasePaths (from `../`)
  - Clocks (from `../`)
  - Collections (from `../`)
  - CombineSchedulers (from `../`)
  - ComposableArchitecture (from `../`)
  - ConcurrencyExtras (from `../`)
  - CustomDump (from `../`)
  - Dependencies (from `../`)
  - DequeModule (from `../`)
  - IdentifiedCollections (from `../`)
  - OrderedCollections (from `../`)
  - SwiftUINavigationCore (from `../`)
  - XCTestDynamicOverlay (from `../`)

EXTERNAL SOURCES:
  AsyncAlgorithms:
    :path: "../"
  CasePaths:
    :path: "../"
  Clocks:
    :path: "../"
  Collections:
    :path: "../"
  CombineSchedulers:
    :path: "../"
  ComposableArchitecture:
    :path: "../"
  ConcurrencyExtras:
    :path: "../"
  CustomDump:
    :path: "../"
  Dependencies:
    :path: "../"
  DequeModule:
    :path: "../"
  IdentifiedCollections:
    :path: "../"
  OrderedCollections:
    :path: "../"
  SwiftUINavigationCore:
    :path: "../"
  XCTestDynamicOverlay:
    :path: "../"

SPEC CHECKSUMS:
  AsyncAlgorithms: 72b50ac2b5432d9ca3514abfe2fbf16a9de61308
  CasePaths: efe8731df6b851fe227d3b00b83646b532f90ee5
  Clocks: 44c9d782820d1cbff1074e4e6fe0163e9e3b994d
  Collections: e759858055a6cf579e5789d18da92613262fcd91
  CombineSchedulers: 82106c14e1b69a333914ee6237e6ceac5bc0df4a
  ComposableArchitecture: 0886c185166fb182869733c4dd7f7835da003342
  ConcurrencyExtras: 49a26f61f65093b14d23b5c3af6d48d6f5e4b3f7
  CustomDump: 3ec791e6d2b02776fe1c59cb2aa23a86aeac88e5
  Dependencies: bdf3316bda6b4559562208a9d659941317aa05d6
  DequeModule: 4ba7a109df5ff6a539107c73e6b9b1152e2e2297
  IdentifiedCollections: 89eb5350ca4fa1e7c2aa1a5a4728241cf482e106
  OrderedCollections: 5319fdb169698d187d0374296edfafeffefcc45d
  SwiftUINavigationCore: 936fbb5442c692bc681031e3e47a587882c98019
  XCTestDynamicOverlay: 6eb29b20a68800f01f63259dbecd4542eef00167

PODFILE CHECKSUM: c493bc04b8b05a7ce8252a1ecc06a5ae38e096e5

COCOAPODS: 1.12.1
